
Microsoft Visual Studio Solution File, Format Version 11.00
# Visual Studio 2010
Project("{FAE04EC0-301F-11D3-BF4B-00C04F79EFBC}") = "FirstMVCApp", "FirstMVCApp\FirstMVCApp.csproj", "{3FF82C3F-6836-4844-98C6-39CB821BCBAF}"
EndProject
Project("{FAE04EC0-301F-11D3-BF4B-00C04F79EFBC}") = "MvcApplication1", "MvcApplication1\MvcApplication1.csproj", "{E119F73F-82BD-4F3C-A0C8-39754AFDFC5D}"
EndProject
Global
	GlobalSection(SolutionConfigurationPlatforms) = preSolution
		Debug|Any CPU = Debug|Any CPU
		Release|Any CPU = Release|Any CPU
	EndGlobalSection
	GlobalSection(ProjectConfigurationPlatforms) = postSolution
		{3FF82C3F-6836-4844-98C6-39CB821BCBAF}.Debug|Any CPU.ActiveCfg = Debug|Any CPU
		{3FF82C3F-6836-4844-98C6-39CB821BCBAF}.Debug|Any CPU.Build.0 = Debug|Any CPU
		{3FF82C3F-6836-4844-98C6-39CB821BCBAF}.Release|Any CPU.ActiveCfg = Release|Any CPU
		{3FF82C3F-6836-4844-98C6-39CB821BCBAF}.Release|Any CPU.Build.0 = Release|Any CPU
		{E119F73F-82BD-4F3C-A0C8-39754AFDFC5D}.Debug|Any CPU.ActiveCfg = Debug|Any CPU
		{E119F73F-82BD-4F3C-A0C8-39754AFDFC5D}.Debug|Any CPU.Build.0 = Debug|Any CPU
		{E119F73F-82BD-4F3C-A0C8-39754AFDFC5D}.Release|Any CPU.ActiveCfg = Release|Any CPU
		{E119F73F-82BD-4F3C-A0C8-39754AFDFC5D}.Release|Any CPU.Build.0 = Release|Any CPU
	EndGlobalSection
	GlobalSection(SolutionProperties) = preSolution
		HideSolutionNode = FALSE
	EndGlobalSection
EndGlobal
